
Microsoft Visual Studio Solution File, Format Version 12.00
# Visual Studio Version 17
VisualStudioVersion = 17.10.35013.160
MinimumVisualStudioVersion = 10.0.40219.1
Project("{FAE04EC0-301F-11D3-BF4B-00C04F79EFBC}") = "ChallengeApp", "ChallengeApp\ChallengeApp.csproj", "{15DA71B6-74AB-4A98-9F31-29ABB14AE6B5}"
EndProject
Global
	GlobalSection(SolutionConfigurationPlatforms) = preSolution
		Debug|Any CPU = Debug|Any CPU
		Release|Any CPU = Release|Any CPU
	EndGlobalSection
	GlobalSection(ProjectConfigurationPlatforms) = postSolution
		{15DA71B6-74AB-4A98-9F31-29ABB14AE6B5}.Debug|Any CPU.ActiveCfg = Debug|Any CPU
		{15DA71B6-74AB-4A98-9F31-29ABB14AE6B5}.Debug|Any CPU.Build.0 = Debug|Any CPU
		{15DA71B6-74AB-4A98-9F31-29ABB14AE6B5}.Release|Any CPU.ActiveCfg = Release|Any CPU
		{15DA71B6-74AB-4A98-9F31-29ABB14AE6B5}.Release|Any CPU.Build.0 = Release|Any CPU
	EndGlobalSection
	GlobalSection(SolutionProperties) = preSolution
		HideSolutionNode = FALSE
	EndGlobalSection
	GlobalSection(ExtensibilityGlobals) = postSolution
		SolutionGuid = {291FAD8F-BE8C-4B87-9417-0AF39680F6F6}
	EndGlobalSection
EndGlobal
